
Microsoft Visual Studio Solution File, Format Version 12.00
# Visual Studio Version 17
VisualStudioVersion = 17.3.32901.215
MinimumVisualStudioVersion = 10.0.40219.1
Project("{FAE04EC0-301F-11D3-BF4B-00C04F79EFBC}") = "NukeSafety", "NukeSafety\NukeSafety.csproj", "{43E74DAC-6985-4F40-A38E-300AD6266896}"
EndProject
Project("{FAE04EC0-301F-11D3-BF4B-00C04F79EFBC}") = "NukeSafety.ORM", "NukeSafety.ORM\NukeSafety.ORM.csproj", "{FA66E62F-4AFE-4416-B5B8-7DBD30FBE523}"
EndProject
Global
	GlobalSection(SolutionConfigurationPlatforms) = preSolution
		Debug|Any CPU = Debug|Any CPU
		Release|Any CPU = Release|Any CPU
	EndGlobalSection
	GlobalSection(ProjectConfigurationPlatforms) = postSolution
		{43E74DAC-6985-4F40-A38E-300AD6266896}.Debug|Any CPU.ActiveCfg = Debug|Any CPU
		{43E74DAC-6985-4F40-A38E-300AD6266896}.Debug|Any CPU.Build.0 = Debug|Any CPU
		{43E74DAC-6985-4F40-A38E-300AD6266896}.Release|Any CPU.ActiveCfg = Release|Any CPU
		{43E74DAC-6985-4F40-A38E-300AD6266896}.Release|Any CPU.Build.0 = Release|Any CPU
		{FA66E62F-4AFE-4416-B5B8-7DBD30FBE523}.Debug|Any CPU.ActiveCfg = Debug|Any CPU
		{FA66E62F-4AFE-4416-B5B8-7DBD30FBE523}.Debug|Any CPU.Build.0 = Debug|Any CPU
		{FA66E62F-4AFE-4416-B5B8-7DBD30FBE523}.Release|Any CPU.ActiveCfg = Release|Any CPU
		{FA66E62F-4AFE-4416-B5B8-7DBD30FBE523}.Release|Any CPU.Build.0 = Release|Any CPU
	EndGlobalSection
	GlobalSection(SolutionProperties) = preSolution
		HideSolutionNode = FALSE
	EndGlobalSection
	GlobalSection(ExtensibilityGlobals) = postSolution
		SolutionGuid = {35447AFC-22F1-494B-B461-C1DC6DDDB5E7}
	EndGlobalSection
EndGlobal
